// !$*UTF8*$!
{
	archiveVersion = 1;
	classes = {
	};
	objectVersion = 46;
	objects = {

/* Begin PBXBuildFile section */
		16C8A96C1EE099E0004326E0 /* AppDelegate.swift in Sources */ = {isa = PBXBuildFile; fileRef = 16C8A96B1EE099E0004326E0 /* AppDelegate.swift */; };
		16C8A96E1EE099E0004326E0 /* ViewController.swift in Sources */ = {isa = PBXBuildFile; fileRef = 16C8A96D1EE099E0004326E0 /* ViewController.swift */; };
		16C8A9711EE099E0004326E0 /* Main.storyboard in Resources */ = {isa = PBXBuildFile; fileRef = 16C8A96F1EE099E0004326E0 /* Main.storyboard */; };
		16C8A9731EE099E0004326E0 /* Assets.xcassets in Resources */ = {isa = PBXBuildFile; fileRef = 16C8A9721EE099E0004326E0 /* Assets.xcassets */; };
		16C8A9761EE099E0004326E0 /* LaunchScreen.storyboard in Resources */ = {isa = PBXBuildFile; fileRef = 16C8A9741EE099E0004326E0 /* LaunchScreen.storyboard */; };
		16C8A9811EE099E0004326E0 /* Penguin_AppTests.swift in Sources */ = {isa = PBXBuildFile; fileRef = 16C8A9801EE099E0004326E0 /* Penguin_AppTests.swift */; };
/* End PBXBuildFile section */

/* Begin PBXContainerItemProxy section */
		16C8A97D1EE099E0004326E0 /* PBXContainerItemProxy */ = {
			isa = PBXContainerItemProxy;
			containerPortal = 16C8A9601EE099DF004326E0 /* Project object */;
			proxyType = 1;
			remoteGlobalIDString = 16C8A9671EE099E0004326E0;
			remoteInfo = "Penguin App";
		};
/* End PBXContainerItemProxy section */

/* Begin PBXFileReference section */
		16C8A9681EE099E0004326E0 /* Penguin App.app */ = {isa = PBXFileReference; explicitFileType = wrapper.application; includeInIndex = 0; path = "Penguin App.app"; sourceTree = BUILT_PRODUCTS_DIR; };
		16C8A96B1EE099E0004326E0 /* AppDelegate.swift */ = {isa = PBXFileReference; lastKnownFileType = sourcecode.swift; path = AppDelegate.swift; sourceTree = "<group>"; };
		16C8A96D1EE099E0004326E0 /* ViewController.swift */ = {isa = PBXFileReference; lastKnownFileType = sourcecode.swift; path = ViewController.swift; sourceTree = "<group>"; };
		16C8A9701EE099E0004326E0 /* Base */ = {isa = PBXFileReference; lastKnownFileType = file.storyboard; name = Base; path = Base.lproj/Main.storyboard; sourceTree = "<group>"; };
		16C8A9721EE099E0004326E0 /* Assets.xcassets */ = {isa = PBXFileReference; lastKnownFileType = folder.assetcatalog; path = Assets.xcassets; sourceTree = "<group>"; };
		16C8A9751EE099E0004326E0 /* Base */ = {isa = PBXFileReference; lastKnownFileType = file.storyboard; name = Base; path = Base.lproj/LaunchScreen.storyboard; sourceTree = "<group>"; };
		16C8A9771EE099E0004326E0 /* Info.plist */ = {isa = PBXFileReference; lastKnownFileType = text.plist.xml; path = Info.plist; sourceTree = "<group>"; };
		16C8A97C1EE099E0004326E0 /* Penguin AppTests.xctest */ = {isa = PBXFileReference; explicitFileType = wrapper.cfbundle; includeInIndex = 0; path = "Penguin AppTests.xctest"; sourceTree = BUILT_PRODUCTS_DIR; };
		16C8A9801EE099E0004326E0 /* Penguin_AppTests.swift */ = {isa = PBXFileReference; lastKnownFileType = sourcecode.swift; path = Penguin_AppTests.swift; sourceTree = "<group>"; };
		16C8A9821EE099E0004326E0 /* Info.plist */ = {isa = PBXFileReference; lastKnownFileType = text.plist.xml; path = Info.plist; sourceTree = "<group>"; };
/* End PBXFileReference section */

/* Begin PBXFrameworksBuildPhase section */
		16C8A9651EE099E0004326E0 /* Frameworks */ = {
			isa = PBXFrameworksBuildPhase;
			buildActionMask = 2147483647;
			files = (
			);
			runOnlyForDeploymentPostprocessing = 0;
		};
		16C8A9791EE099E0004326E0 /* Frameworks */ = {
			isa = PBXFrameworksBuildPhase;
			buildActionMask = 2147483647;
			files = (
			);
			runOnlyForDeploymentPostprocessing = 0;
		};
/* End PBXFrameworksBuildPhase section */

/* Begin PBXGroup section */
		16C8A95F1EE099DF004326E0 = {
			isa = PBXGroup;
			children = (
				16C8A96A1EE099E0004326E0 /* Penguin App */,
				16C8A97F1EE099E0004326E0 /* Penguin AppTests */,
				16C8A9691EE099E0004326E0 /* Products */,
			);
			sourceTree = "<group>";
		};
		16C8A9691EE099E0004326E0 /* Products */ = {
			isa = PBXGroup;
			children = (
				16C8A9681EE099E0004326E0 /* Penguin App.app */,
				16C8A97C1EE099E0004326E0 /* Penguin AppTests.xctest */,
			);
			name = Products;
			sourceTree = "<group>";
		};
		16C8A96A1EE099E0004326E0 /* Penguin App */ = {
			isa = PBXGroup;
			children = (
				16C8A96B1EE099E0004326E0 /* AppDelegate.swift */,
				16C8A96D1EE099E0004326E0 /* ViewController.swift */,
				16C8A96F1EE099E0004326E0 /* Main.storyboard */,
				16C8A9721EE099E0004326E0 /* Assets.xcassets */,
				16C8A9741EE099E0004326E0 /* LaunchScreen.storyboard */,
				16C8A9771EE099E0004326E0 /* Info.plist */,
			);
			path = "Penguin App";
			sourceTree = "<group>";
		};
		16C8A97F1EE099E0004326E0 /* Penguin AppTests */ = {
			isa = PBXGroup;
			children = (
				16C8A9801EE099E0004326E0 /* Penguin_AppTests.swift */,
				16C8A9821EE099E0004326E0 /* Info.plist */,
			);
			path = "Penguin AppTests";
			sourceTree = "<group>";
		};
/* End PBXGroup section */

/* Begin PBXNativeTarget section */
		16C8A9671EE099E0004326E0 /* Penguin App */ = {
			isa = PBXNativeTarget;
			buildConfigurationList = 16C8A9851EE099E0004326E0 /* Build configuration list for PBXNativeTarget "Penguin App" */;
			buildPhases = (
				16C8A9641EE099E0004326E0 /* Sources */,
				16C8A9651EE099E0004326E0 /* Frameworks */,
				16C8A9661EE099E0004326E0 /* Resources */,
			);
			buildRules = (
			);
			dependencies = (
			);
			name = "Penguin App";
			productName = "Penguin App";
			productReference = 16C8A9681EE099E0004326E0 /* Penguin App.app */;
			productType = "com.apple.product-type.application";
		};
		16C8A97B1EE099E0004326E0 /* Penguin AppTests */ = {
			isa = PBXNativeTarget;
			buildConfigurationList = 16C8A9881EE099E0004326E0 /* Build configuration list for PBXNativeTarget "Penguin AppTests" */;
			buildPhases = (
				16C8A9781EE099E0004326E0 /* Sources */,
				16C8A9791EE099E0004326E0 /* Frameworks */,
				16C8A97A1EE099E0004326E0 /* Resources */,
			);
			buildRules = (
			);
			dependencies = (
				16C8A97E1EE099E0004326E0 /* PBXTargetDependency */,
			);
			name = "Penguin AppTests";
			productName = "Penguin AppTests";
			productReference = 16C8A97C1EE099E0004326E0 /* Penguin AppTests.xctest */;
			productType = "com.apple.product-type.bundle.unit-test";
		};
/* End PBXNativeTarget section */

/* Begin PBXProject section */
		16C8A9601EE099DF004326E0 /* Project object */ = {
			isa = PBXProject;
			attributes = {
				LastSwiftUpdateCheck = 0830;
				LastUpgradeCheck = 0830;
				ORGANIZATIONNAME = "Jacob Abraham";
				TargetAttributes = {
					16C8A9671EE099E0004326E0 = {
						CreatedOnToolsVersion = 8.3.2;
						ProvisioningStyle = Automatic;
					};
					16C8A97B1EE099E0004326E0 = {
						CreatedOnToolsVersion = 8.3.2;
						ProvisioningStyle = Automatic;
						TestTargetID = 16C8A9671EE099E0004326E0;
					};
				};
			};
			buildConfigurationList = 16C8A9631EE099DF004326E0 /* Build configuration list for PBXProject "Penguin App" */;
			compatibilityVersion = "Xcode 3.2";
			developmentRegion = English;
			hasScannedForEncodings = 0;
			knownRegions = (
				en,
				Base,
			);
			mainGroup = 16C8A95F1EE099DF004326E0;
			productRefGroup = 16C8A9691EE099E0004326E0 /* Products */;
			projectDirPath = "";
			projectRoot = "";
			targets = (
				16C8A9671EE099E0004326E0 /* Penguin App */,
				16C8A97B1EE099E0004326E0 /* Penguin AppTests */,
			);
		};
/* End PBXProject section */

/* Begin PBXResourcesBuildPhase section */
		16C8A9661EE099E0004326E0 /* Resources */ = {
			isa = PBXResourcesBuildPhase;
			buildActionMask = 2147483647;
			files = (
				16C8A9761EE099E0004326E0 /* LaunchScreen.storyboard in Resources */,
				16C8A9731EE099E0004326E0 /* Assets.xcassets in Resources */,
				16C8A9711EE099E0004326E0 /* Main.storyboard in Resources */,
			);
			runOnlyForDeploymentPostprocessing = 0;
		};
		16C8A97A1EE099E0004326E0 /* Resources */ = {
			isa = PBXResourcesBuildPhase;
			buildActionMask = 2147483647;
			files = (
			);
			runOnlyForDeploymentPostprocessing = 0;
		};
/* End PBXResourcesBuildPhase section */

/* Begin PBXSourcesBuildPhase section */
		16C8A9641EE099E0004326E0 /* Sources */ = {
			isa = PBXSourcesBuildPhase;
			buildActionMask = 2147483647;
			files = (
				16C8A96E1EE099E0004326E0 /* ViewController.swift in Sources */,
				16C8A96C1EE099E0004326E0 /* AppDelegate.swift in Sources */,
			);
			runOnlyForDeploymentPostprocessing = 0;
		};
		16C8A9781EE099E0004326E0 /* Sources */ = {
			isa = PBXSourcesBuildPhase;
			buildActionMask = 2147483647;
			files = (
				16C8A9811EE099E0004326E0 /* Penguin_AppTests.swift in Sources */,
			);
			runOnlyForDeploymentPostprocessing = 0;
		};
/* End PBXSourcesBuildPhase section */

/* Begin PBXTargetDependency section */
		16C8A97E1EE099E0004326E0 /* PBXTargetDependency */ = {
			isa = PBXTargetDependency;
			target = 16C8A9671EE099E0004326E0 /* Penguin App */;
			targetProxy = 16C8A97D1EE099E0004326E0 /* PBXContainerItemProxy */;
		};
/* End PBXTargetDependency section */

/* Begin PBXVariantGroup section */
		16C8A96F1EE099E0004326E0 /* Main.storyboard */ = {
			isa = PBXVariantGroup;
			children = (
				16C8A9701EE099E0004326E0 /* Base */,
			);
			name = Main.storyboard;
			sourceTree = "<group>";
		};
		16C8A9741EE099E0004326E0 /* LaunchScreen.storyboard */ = {
			isa = PBXVariantGroup;
			children = (
				16C8A9751EE099E0004326E0 /* Base */,
			);
			name = LaunchScreen.storyboard;
			sourceTree = "<group>";
		};
/* End PBXVariantGroup section */

/* Begin XCBuildConfiguration section */
		16C8A9831EE099E0004326E0 /* Debug */ = {
			isa = XCBuildConfiguration;
			buildSettings = {
				ALWAYS_SEARCH_USER_PATHS = NO;
				CLANG_ANALYZER_NONNULL = YES;
				CLANG_ANALYZER_NUMBER_OBJECT_CONVERSION = YES_AGGRESSIVE;
				CLANG_CXX_LANGUAGE_STANDARD = "gnu++0x";
				CLANG_CXX_LIBRARY = "libc++";
				CLANG_ENABLE_MODULES = YES;
				CLANG_ENABLE_OBJC_ARC = YES;
				CLANG_WARN_BOOL_CONVERSION = YES;
				CLANG_WARN_CONSTANT_CONVERSION = YES;
				CLANG_WARN_DIRECT_OBJC_ISA_USAGE = YES_ERROR;
				CLANG_WARN_DOCUMENTATION_COMMENTS = YES;
				CLANG_WARN_EMPTY_BODY = YES;
				CLANG_WARN_ENUM_CONVERSION = YES;
				CLANG_WARN_INFINITE_RECURSION = YES;
				CLANG_WARN_INT_CONVERSION = YES;
				CLANG_WARN_OBJC_ROOT_CLASS = YES_ERROR;
				CLANG_WARN_SUSPICIOUS_MOVE = YES;
				CLANG_WARN_UNREACHABLE_CODE = YES;
				CLANG_WARN__DUPLICATE_METHOD_MATCH = YES;
				"CODE_SIGN_IDENTITY[sdk=iphoneos*]" = "iPhone Developer";
				COPY_PHASE_STRIP = NO;
				DEBUG_INFORMATION_FORMAT = dwarf;
				ENABLE_STRICT_OBJC_MSGSEND = YES;
				ENABLE_TESTABILITY = YES;
				GCC_C_LANGUAGE_STANDARD = gnu99;
				GCC_DYNAMIC_NO_PIC = NO;
				GCC_NO_COMMON_BLOCKS = YES;
				GCC_OPTIMIZATION_LEVEL = 0;
				GCC_PREPROCESSOR_DEFINITIONS = (
					"DEBUG=1",
					"$(inherited)",
				);
				GCC_WARN_64_TO_32_BIT_CONVERSION = YES;
				GCC_WARN_ABOUT_RETURN_TYPE = YES_ERROR;
				GCC_WARN_UNDECLARED_SELECTOR = YES;
				GCC_WARN_UNINITIALIZED_AUTOS = YES_AGGRESSIVE;
				GCC_WARN_UNUSED_FUNCTION = YES;
				GCC_WARN_UNUSED_VARIABLE = YES;
				IPHONEOS_DEPLOYMENT_TARGET = 10.3;
				MTL_ENABLE_DEBUG_INFO = YES;
				ONLY_ACTIVE_ARCH = YES;
				SDKROOT = iphoneos;
				SWIFT_ACTIVE_COMPILATION_CONDITIONS = DEBUG;
				SWIFT_OPTIMIZATION_LEVEL = "-Onone";
				TARGETED_DEVICE_FAMILY = "1,2";
			};
			name = Debug;
		};
		16C8A9841EE099E0004326E0 /* Release */ = {
			isa = XCBuildConfiguration;
			buildSettings = {
				ALWAYS_SEARCH_USER_PATHS = NO;
				CLANG_ANALYZER_NONNULL = YES;
				CLANG_ANALYZER_NUMBER_OBJECT_CONVERSION = YES_AGGRESSIVE;
				CLANG_CXX_LANGUAGE_STANDARD = "gnu++0x";
				CLANG_CXX_LIBRARY = "libc++";
				CLANG_ENABLE_MODULES = YES;
				CLANG_ENABLE_OBJC_ARC = YES;
				CLANG_WARN_BOOL_CONVERSION = YES;
				CLANG_WARN_CONSTANT_CONVERSION = YES;
				CLANG_WARN_DIRECT_OBJC_ISA_USAGE = YES_ERROR;
				CLANG_WARN_DOCUMENTATION_COMMENTS = YES;
				CLANG_WARN_EMPTY_BODY = YES;
				CLANG_WARN_ENUM_CONVERSION = YES;
				CLANG_WARN_INFINITE_RECURSION = YES;
				CLANG_WARN_INT_CONVERSION = YES;
				CLANG_WARN_OBJC_ROOT_CLASS = YES_ERROR;
				CLANG_WARN_SUSPICIOUS_MOVE = YES;
				CLANG_WARN_UNREACHABLE_CODE = YES;
				CLANG_WARN__DUPLICATE_METHOD_MATCH = YES;
				"CODE_SIGN_IDENTITY[sdk=iphoneos*]" = "iPhone Developer";
				COPY_PHASE_STRIP = NO;
				DEBUG_INFORMATION_FORMAT = "dwarf-with-dsym";
				ENABLE_NS_ASSERTIONS = NO;
				ENABLE_STRICT_OBJC_MSGSEND = YES;
				GCC_C_LANGUAGE_STANDARD = gnu99;
				GCC_NO_COMMON_BLOCKS = YES;
				GCC_WARN_64_TO_32_BIT_CONVERSION = YES;
				GCC_WARN_ABOUT_RETURN_TYPE = YES_ERROR;
				GCC_WARN_UNDECLARED_SELECTOR = YES;
				GCC_WARN_UNINITIALIZED_AUTOS = YES_AGGRESSIVE;
				GCC_WARN_UNUSED_FUNCTION = YES;
				GCC_WARN_UNUSED_VARIABLE = YES;
				IPHONEOS_DEPLOYMENT_TARGET = 10.3;
				MTL_ENABLE_DEBUG_INFO = NO;
				SDKROOT = iphoneos;
				SWIFT_OPTIMIZATION_LEVEL = "-Owholemodule";
				TARGETED_DEVICE_FAMILY = "1,2";
				VALIDATE_PRODUCT = YES;
			};
			name = Release;
		};
		16C8A9861EE099E0004326E0 /* Debug */ = {
			isa = XCBuildConfiguration;
			buildSettings = {
				ASSETCATALOG_COMPILER_APPICON_NAME = AppIcon;
				INFOPLIST_FILE = "Penguin App/Info.plist";
				LD_RUNPATH_SEARCH_PATHS = "$(inherited) @executable_path/Frameworks";
				PRODUCT_BUNDLE_IDENTIFIER = "jacob.Penguin-App";
				PRODUCT_NAME = "$(TARGET_NAME)";
				SWIFT_VERSION = 3.0;
			};
			name = Debug;
		};
		16C8A9871EE099E0004326E0 /* Release */ = {
			isa = XCBuildConfiguration;
			buildSettings = {
				ASSETCATALOG_COMPILER_APPICON_NAME = AppIcon;
				INFOPLIST_FILE = "Penguin App/Info.plist";
				LD_RUNPATH_SEARCH_PATHS = "$(inherited) @executable_path/Frameworks";
				PRODUCT_BUNDLE_IDENTIFIER = "jacob.Penguin-App";
				PRODUCT_NAME = "$(TARGET_NAME)";
				SWIFT_VERSION = 3.0;
			};
			name = Release;
		};
		16C8A9891EE099E0004326E0 /* Debug */ = {
			isa = XCBuildConfiguration;
			buildSettings = {
				ALWAYS_EMBED_SWIFT_STANDARD_LIBRARIES = YES;
				BUNDLE_LOADER = "$(TEST_HOST)";
				INFOPLIST_FILE = "Penguin AppTests/Info.plist";
				LD_RUNPATH_SEARCH_PATHS = "$(inherited) @executable_path/Frameworks @loader_path/Frameworks";
				PRODUCT_BUNDLE_IDENTIFIER = "jacob.Penguin-AppTests";
				PRODUCT_NAME = "$(TARGET_NAME)";
				SWIFT_VERSION = 3.0;
				TEST_HOST = "$(BUILT_PRODUCTS_DIR)/Penguin App.app/Penguin App";
			};
			name = Debug;
		};
		16C8A98A1EE099E0004326E0 /* Release */ = {
			isa = XCBuildConfiguration;
			buildSettings = {
				ALWAYS_EMBED_SWIFT_STANDARD_LIBRARIES = YES;
				BUNDLE_LOADER = "$(TEST_HOST)";
				INFOPLIST_FILE = "Penguin AppTests/Info.plist";
				LD_RUNPATH_SEARCH_PATHS = "$(inherited) @executable_path/Frameworks @loader_path/Frameworks";
				PRODUCT_BUNDLE_IDENTIFIER = "jacob.Penguin-AppTests";
				PRODUCT_NAME = "$(TARGET_NAME)";
				SWIFT_VERSION = 3.0;
				TEST_HOST = "$(BUILT_PRODUCTS_DIR)/Penguin App.app/Penguin App";
			};
			name = Release;
		};
/* End XCBuildConfiguration section */

/* Begin XCConfigurationList section */
		16C8A9631EE099DF004326E0 /* Build configuration list for PBXProject "Penguin App" */ = {
			isa = XCConfigurationList;
			buildConfigurations = (
				16C8A9831EE099E0004326E0 /* Debug */,
				16C8A9841EE099E0004326E0 /* Release */,
			);
			defaultConfigurationIsVisible = 0;
			defaultConfigurationName = Release;
		};
		16C8A9851EE099E0004326E0 /* Build configuration list for PBXNativeTarget "Penguin App" */ = {
			isa = XCConfigurationList;
			buildConfigurations = (
				16C8A9861EE099E0004326E0 /* Debug */,
				16C8A9871EE099E0004326E0 /* Release */,
			);
			defaultConfigurationIsVisible = 0;
		};
		16C8A9881EE099E0004326E0 /* Build configuration list for PBXNativeTarget "Penguin AppTests" */ = {
			isa = XCConfigurationList;
			buildConfigurations = (
				16C8A9891EE099E0004326E0 /* Debug */,
				16C8A98A1EE099E0004326E0 /* Release */,
			);
			defaultConfigurationIsVisible = 0;
		};
/* End XCConfigurationList section */
	};
	rootObject = 16C8A9601EE099DF004326E0 /* Project object */;
}
