// !$*UTF8*$!
{
	archiveVersion = 1;
	classes = {
	};
	objectVersion = 46;
	objects = {

/* Begin PBXBuildFile section */
		1044D15B07768BC70FE8C10B /* Pods_Penguin_AppTests.framework in Frameworks */ = {isa = PBXBuildFile; fileRef = 41CDD1566F9ED962C9C064F5 /* Pods_Penguin_AppTests.framework */; };
		1614E1631EEB70F000DEE843 /* tabController.swift in Sources */ = {isa = PBXBuildFile; fileRef = 1614E1621EEB70F000DEE843 /* tabController.swift */; };
		16164D101EE7A265009466CB /* TableController.swift in Sources */ = {isa = PBXBuildFile; fileRef = 16164D0F1EE7A265009466CB /* TableController.swift */; };
		1632E87C1EE7A67B005D3276 /* BulletinTableViewCell.swift in Sources */ = {isa = PBXBuildFile; fileRef = 1632E87B1EE7A67B005D3276 /* BulletinTableViewCell.swift */; };
		164E946A1EEC761B00E83050 /* bulletin.png in Resources */ = {isa = PBXBuildFile; fileRef = 164E94691EEC761B00E83050 /* bulletin.png */; };
		16512C201EEB9CC4003130D8 /* TidbitFormViewController.swift in Sources */ = {isa = PBXBuildFile; fileRef = 16512C1F1EEB9CC4003130D8 /* TidbitFormViewController.swift */; };
		16645CFE1EF889370053DC5E /* FirebaseHandler.swift in Sources */ = {isa = PBXBuildFile; fileRef = 16645CFD1EF889370053DC5E /* FirebaseHandler.swift */; };
		16645D001EF88CF00053DC5E /* BulletinData.swift in Sources */ = {isa = PBXBuildFile; fileRef = 16645CFF1EF88CF00053DC5E /* BulletinData.swift */; };
		16645D021EF88F980053DC5E /* BulletinFormViewController.swift in Sources */ = {isa = PBXBuildFile; fileRef = 16645D011EF88F980053DC5E /* BulletinFormViewController.swift */; };
		1687CD5E1EE904C00042AC2F /* chat.png in Resources */ = {isa = PBXBuildFile; fileRef = 1687CD5D1EE904C00042AC2F /* chat.png */; };
		1687CD641EE90AB70042AC2F /* icon.png in Resources */ = {isa = PBXBuildFile; fileRef = 1687CD631EE90AB70042AC2F /* icon.png */; };
		1687CD661EE90B1E0042AC2F /* home.png in Resources */ = {isa = PBXBuildFile; fileRef = 1687CD651EE90B1E0042AC2F /* home.png */; };
		1687CD681EE90B690042AC2F /* picture.png in Resources */ = {isa = PBXBuildFile; fileRef = 1687CD671EE90B690042AC2F /* picture.png */; };
		16B2C45B1EFA25E600A632A2 /* Tidbit.swift in Sources */ = {isa = PBXBuildFile; fileRef = 16B2C45A1EFA25E600A632A2 /* Tidbit.swift */; };
		16B2C45E1EFA2FDD00A632A2 /* GoogleService-Info.plist in Resources */ = {isa = PBXBuildFile; fileRef = 16B2C45D1EFA2FDD00A632A2 /* GoogleService-Info.plist */; };
		16C8A96C1EE099E0004326E0 /* AppDelegate.swift in Sources */ = {isa = PBXBuildFile; fileRef = 16C8A96B1EE099E0004326E0 /* AppDelegate.swift */; };
		16C8A96E1EE099E0004326E0 /* ViewController.swift in Sources */ = {isa = PBXBuildFile; fileRef = 16C8A96D1EE099E0004326E0 /* ViewController.swift */; };
		16C8A9711EE099E0004326E0 /* Main.storyboard in Resources */ = {isa = PBXBuildFile; fileRef = 16C8A96F1EE099E0004326E0 /* Main.storyboard */; };
		16C8A9731EE099E0004326E0 /* Assets.xcassets in Resources */ = {isa = PBXBuildFile; fileRef = 16C8A9721EE099E0004326E0 /* Assets.xcassets */; };
		16C8A9761EE099E0004326E0 /* LaunchScreen.storyboard in Resources */ = {isa = PBXBuildFile; fileRef = 16C8A9741EE099E0004326E0 /* LaunchScreen.storyboard */; };
		16C8A9811EE099E0004326E0 /* Penguin_AppTests.swift in Sources */ = {isa = PBXBuildFile; fileRef = 16C8A9801EE099E0004326E0 /* Penguin_AppTests.swift */; };
		16C8A98F1EE09A25004326E0 /* Plus Math-30.png in Resources */ = {isa = PBXBuildFile; fileRef = 16C8A98C1EE09A25004326E0 /* Plus Math-30.png */; };
		16C8A9901EE09A25004326E0 /* User Filled-30.png in Resources */ = {isa = PBXBuildFile; fileRef = 16C8A98D1EE09A25004326E0 /* User Filled-30.png */; };
		16C8A9941EE09A3C004326E0 /* penguin.png in Resources */ = {isa = PBXBuildFile; fileRef = 16C8A9931EE09A3C004326E0 /* penguin.png */; };
		16F2A11C1EF71C870001ED92 /* P15.jpg in Resources */ = {isa = PBXBuildFile; fileRef = 16F2A11B1EF71C870001ED92 /* P15.jpg */; };
		16F2A11E1EF73C5B0001ED92 /* ImageCollectionViewCell.swift in Sources */ = {isa = PBXBuildFile; fileRef = 16F2A11D1EF73C5B0001ED92 /* ImageCollectionViewCell.swift */; };
		16F2A1201EF73D7C0001ED92 /* InfoViewController.swift in Sources */ = {isa = PBXBuildFile; fileRef = 16F2A11F1EF73D7C0001ED92 /* InfoViewController.swift */; };
		AF91BC1891B0FD02CA79ED55 /* Pods_Penguin_App.framework in Frameworks */ = {isa = PBXBuildFile; fileRef = 8F00603B762C616CB8BA3164 /* Pods_Penguin_App.framework */; };
/* End PBXBuildFile section */

/* Begin PBXContainerItemProxy section */
		16C8A97D1EE099E0004326E0 /* PBXContainerItemProxy */ = {
			isa = PBXContainerItemProxy;
			containerPortal = 16C8A9601EE099DF004326E0 /* Project object */;
			proxyType = 1;
			remoteGlobalIDString = 16C8A9671EE099E0004326E0;
			remoteInfo = "Penguin App";
		};
/* End PBXContainerItemProxy section */

/* Begin PBXFileReference section */
		075877ADECB19C65D0496813 /* Pods-Penguin App.release.xcconfig */ = {isa = PBXFileReference; includeInIndex = 1; lastKnownFileType = text.xcconfig; name = "Pods-Penguin App.release.xcconfig"; path = "Pods/Target Support Files/Pods-Penguin App/Pods-Penguin App.release.xcconfig"; sourceTree = "<group>"; };
		1614E1621EEB70F000DEE843 /* tabController.swift */ = {isa = PBXFileReference; fileEncoding = 4; lastKnownFileType = sourcecode.swift; path = tabController.swift; sourceTree = "<group>"; };
		16164D0F1EE7A265009466CB /* TableController.swift */ = {isa = PBXFileReference; fileEncoding = 4; lastKnownFileType = sourcecode.swift; path = TableController.swift; sourceTree = "<group>"; };
		1632E87B1EE7A67B005D3276 /* BulletinTableViewCell.swift */ = {isa = PBXFileReference; fileEncoding = 4; lastKnownFileType = sourcecode.swift; path = BulletinTableViewCell.swift; sourceTree = "<group>"; };
		164E94691EEC761B00E83050 /* bulletin.png */ = {isa = PBXFileReference; lastKnownFileType = image.png; name = bulletin.png; path = ../../bulletin.png; sourceTree = "<group>"; };
		16512C1F1EEB9CC4003130D8 /* TidbitFormViewController.swift */ = {isa = PBXFileReference; fileEncoding = 4; lastKnownFileType = sourcecode.swift; path = TidbitFormViewController.swift; sourceTree = "<group>"; };
		16645CFD1EF889370053DC5E /* FirebaseHandler.swift */ = {isa = PBXFileReference; fileEncoding = 4; lastKnownFileType = sourcecode.swift; path = FirebaseHandler.swift; sourceTree = "<group>"; };
		16645CFF1EF88CF00053DC5E /* BulletinData.swift */ = {isa = PBXFileReference; fileEncoding = 4; lastKnownFileType = sourcecode.swift; path = BulletinData.swift; sourceTree = "<group>"; };
		16645D011EF88F980053DC5E /* BulletinFormViewController.swift */ = {isa = PBXFileReference; fileEncoding = 4; lastKnownFileType = sourcecode.swift; path = BulletinFormViewController.swift; sourceTree = "<group>"; };
		1687CD5D1EE904C00042AC2F /* chat.png */ = {isa = PBXFileReference; lastKnownFileType = image.png; name = chat.png; path = ../../chat.png; sourceTree = "<group>"; };
		1687CD631EE90AB70042AC2F /* icon.png */ = {isa = PBXFileReference; lastKnownFileType = image.png; name = icon.png; path = ../../icon.png; sourceTree = "<group>"; };
		1687CD651EE90B1E0042AC2F /* home.png */ = {isa = PBXFileReference; lastKnownFileType = image.png; name = home.png; path = ../../home.png; sourceTree = "<group>"; };
		1687CD671EE90B690042AC2F /* picture.png */ = {isa = PBXFileReference; lastKnownFileType = image.png; name = picture.png; path = ../../picture.png; sourceTree = "<group>"; };
		16B2C45A1EFA25E600A632A2 /* Tidbit.swift */ = {isa = PBXFileReference; fileEncoding = 4; lastKnownFileType = sourcecode.swift; path = Tidbit.swift; sourceTree = "<group>"; };
		16B2C45D1EFA2FDD00A632A2 /* GoogleService-Info.plist */ = {isa = PBXFileReference; fileEncoding = 4; lastKnownFileType = text.plist.xml; path = "GoogleService-Info.plist"; sourceTree = "<group>"; };
		16C8A9681EE099E0004326E0 /* Penguin App.app */ = {isa = PBXFileReference; explicitFileType = wrapper.application; includeInIndex = 0; path = "Penguin App.app"; sourceTree = BUILT_PRODUCTS_DIR; };
		16C8A96B1EE099E0004326E0 /* AppDelegate.swift */ = {isa = PBXFileReference; lastKnownFileType = sourcecode.swift; path = AppDelegate.swift; sourceTree = "<group>"; };
		16C8A96D1EE099E0004326E0 /* ViewController.swift */ = {isa = PBXFileReference; lastKnownFileType = sourcecode.swift; path = ViewController.swift; sourceTree = "<group>"; };
		16C8A9701EE099E0004326E0 /* Base */ = {isa = PBXFileReference; lastKnownFileType = file.storyboard; name = Base; path = Base.lproj/Main.storyboard; sourceTree = "<group>"; };
		16C8A9721EE099E0004326E0 /* Assets.xcassets */ = {isa = PBXFileReference; lastKnownFileType = folder.assetcatalog; path = Assets.xcassets; sourceTree = "<group>"; };
		16C8A9751EE099E0004326E0 /* Base */ = {isa = PBXFileReference; lastKnownFileType = file.storyboard; name = Base; path = Base.lproj/LaunchScreen.storyboard; sourceTree = "<group>"; };
		16C8A9771EE099E0004326E0 /* Info.plist */ = {isa = PBXFileReference; lastKnownFileType = text.plist.xml; path = Info.plist; sourceTree = "<group>"; };
		16C8A97C1EE099E0004326E0 /* Penguin AppTests.xctest */ = {isa = PBXFileReference; explicitFileType = wrapper.cfbundle; includeInIndex = 0; path = "Penguin AppTests.xctest"; sourceTree = BUILT_PRODUCTS_DIR; };
		16C8A9801EE099E0004326E0 /* Penguin_AppTests.swift */ = {isa = PBXFileReference; lastKnownFileType = sourcecode.swift; path = Penguin_AppTests.swift; sourceTree = "<group>"; };
		16C8A9821EE099E0004326E0 /* Info.plist */ = {isa = PBXFileReference; lastKnownFileType = text.plist.xml; path = Info.plist; sourceTree = "<group>"; };
		16C8A98C1EE09A25004326E0 /* Plus Math-30.png */ = {isa = PBXFileReference; lastKnownFileType = image.png; name = "Plus Math-30.png"; path = "../../Plus Math-30.png"; sourceTree = "<group>"; };
		16C8A98D1EE09A25004326E0 /* User Filled-30.png */ = {isa = PBXFileReference; lastKnownFileType = image.png; name = "User Filled-30.png"; path = "../../User Filled-30.png"; sourceTree = "<group>"; };
		16C8A9931EE09A3C004326E0 /* penguin.png */ = {isa = PBXFileReference; lastKnownFileType = image.png; name = penguin.png; path = ../../../Desktop/penguin.png; sourceTree = "<group>"; };
		16F2A11B1EF71C870001ED92 /* P15.jpg */ = {isa = PBXFileReference; lastKnownFileType = image.jpeg; name = P15.jpg; path = ../../../Downloads/P15.jpg; sourceTree = "<group>"; };
		16F2A11D1EF73C5B0001ED92 /* ImageCollectionViewCell.swift */ = {isa = PBXFileReference; fileEncoding = 4; lastKnownFileType = sourcecode.swift; path = ImageCollectionViewCell.swift; sourceTree = "<group>"; };
		16F2A11F1EF73D7C0001ED92 /* InfoViewController.swift */ = {isa = PBXFileReference; fileEncoding = 4; lastKnownFileType = sourcecode.swift; path = InfoViewController.swift; sourceTree = "<group>"; };
		3E314DB5FCF31BAE7B8ED404 /* Pods-Penguin AppTests.debug.xcconfig */ = {isa = PBXFileReference; includeInIndex = 1; lastKnownFileType = text.xcconfig; name = "Pods-Penguin AppTests.debug.xcconfig"; path = "Pods/Target Support Files/Pods-Penguin AppTests/Pods-Penguin AppTests.debug.xcconfig"; sourceTree = "<group>"; };
		41CDD1566F9ED962C9C064F5 /* Pods_Penguin_AppTests.framework */ = {isa = PBXFileReference; explicitFileType = wrapper.framework; includeInIndex = 0; path = Pods_Penguin_AppTests.framework; sourceTree = BUILT_PRODUCTS_DIR; };
		8F00603B762C616CB8BA3164 /* Pods_Penguin_App.framework */ = {isa = PBXFileReference; explicitFileType = wrapper.framework; includeInIndex = 0; path = Pods_Penguin_App.framework; sourceTree = BUILT_PRODUCTS_DIR; };
		BCA0BD3AE3711ED8601312D2 /* Pods-Penguin App.debug.xcconfig */ = {isa = PBXFileReference; includeInIndex = 1; lastKnownFileType = text.xcconfig; name = "Pods-Penguin App.debug.xcconfig"; path = "Pods/Target Support Files/Pods-Penguin App/Pods-Penguin App.debug.xcconfig"; sourceTree = "<group>"; };
		D9346D91D04BAAC92EACC528 /* Pods-Penguin AppTests.release.xcconfig */ = {isa = PBXFileReference; includeInIndex = 1; lastKnownFileType = text.xcconfig; name = "Pods-Penguin AppTests.release.xcconfig"; path = "Pods/Target Support Files/Pods-Penguin AppTests/Pods-Penguin AppTests.release.xcconfig"; sourceTree = "<group>"; };
/* End PBXFileReference section */

/* Begin PBXFrameworksBuildPhase section */
		16C8A9651EE099E0004326E0 /* Frameworks */ = {
			isa = PBXFrameworksBuildPhase;
			buildActionMask = 2147483647;
			files = (
				AF91BC1891B0FD02CA79ED55 /* Pods_Penguin_App.framework in Frameworks */,
			);
			runOnlyForDeploymentPostprocessing = 0;
		};
		16C8A9791EE099E0004326E0 /* Frameworks */ = {
			isa = PBXFrameworksBuildPhase;
			buildActionMask = 2147483647;
			files = (
				1044D15B07768BC70FE8C10B /* Pods_Penguin_AppTests.framework in Frameworks */,
			);
			runOnlyForDeploymentPostprocessing = 0;
		};
/* End PBXFrameworksBuildPhase section */

/* Begin PBXGroup section */
		16B2C4581EFA258200A632A2 /* Controllers */ = {
			isa = PBXGroup;
			children = (
				16C8A96D1EE099E0004326E0 /* ViewController.swift */,
				1614E1621EEB70F000DEE843 /* tabController.swift */,
				16164D0F1EE7A265009466CB /* TableController.swift */,
				16512C1F1EEB9CC4003130D8 /* TidbitFormViewController.swift */,
				16F2A11F1EF73D7C0001ED92 /* InfoViewController.swift */,
				16645D011EF88F980053DC5E /* BulletinFormViewController.swift */,
			);
			name = Controllers;
			sourceTree = "<group>";
		};
		16B2C4591EFA25B400A632A2 /* Data */ = {
			isa = PBXGroup;
			children = (
				16B2C45A1EFA25E600A632A2 /* Tidbit.swift */,
			);
			name = Data;
			sourceTree = "<group>";
		};
		16B2C45C1EFA2FBA00A632A2 /* Resources */ = {
			isa = PBXGroup;
			children = (
				16B2C45D1EFA2FDD00A632A2 /* GoogleService-Info.plist */,
			);
			name = Resources;
			sourceTree = "<group>";
		};
		16C8A95F1EE099DF004326E0 = {
			isa = PBXGroup;
			children = (
				16B2C45C1EFA2FBA00A632A2 /* Resources */,
				16F2A11B1EF71C870001ED92 /* P15.jpg */,
				164E94691EEC761B00E83050 /* bulletin.png */,
				1687CD671EE90B690042AC2F /* picture.png */,
				1687CD651EE90B1E0042AC2F /* home.png */,
				1687CD631EE90AB70042AC2F /* icon.png */,
				1687CD5D1EE904C00042AC2F /* chat.png */,
				16C8A9931EE09A3C004326E0 /* penguin.png */,
				16C8A98C1EE09A25004326E0 /* Plus Math-30.png */,
				16C8A98D1EE09A25004326E0 /* User Filled-30.png */,
				16C8A96A1EE099E0004326E0 /* Penguin App */,
				16C8A97F1EE099E0004326E0 /* Penguin AppTests */,
				16C8A9691EE099E0004326E0 /* Products */,
				A0B7EBC0F01621B84B3A9D0D /* Pods */,
				FFA762F9333F613EB2610B29 /* Frameworks */,
			);
			sourceTree = "<group>";
		};
		16C8A9691EE099E0004326E0 /* Products */ = {
			isa = PBXGroup;
			children = (
				16C8A9681EE099E0004326E0 /* Penguin App.app */,
				16C8A97C1EE099E0004326E0 /* Penguin AppTests.xctest */,
			);
			name = Products;
			sourceTree = "<group>";
		};
		16C8A96A1EE099E0004326E0 /* Penguin App */ = {
			isa = PBXGroup;
			children = (
				16B2C4591EFA25B400A632A2 /* Data */,
				16B2C4581EFA258200A632A2 /* Controllers */,
				16C8A96B1EE099E0004326E0 /* AppDelegate.swift */,
				16C8A96F1EE099E0004326E0 /* Main.storyboard */,
				16C8A9721EE099E0004326E0 /* Assets.xcassets */,
				16C8A9741EE099E0004326E0 /* LaunchScreen.storyboard */,
				16C8A9771EE099E0004326E0 /* Info.plist */,
				1632E87B1EE7A67B005D3276 /* BulletinTableViewCell.swift */,
				16F2A11D1EF73C5B0001ED92 /* ImageCollectionViewCell.swift */,
				16645CFD1EF889370053DC5E /* FirebaseHandler.swift */,
				16645CFF1EF88CF00053DC5E /* BulletinData.swift */,
			);
			path = "Penguin App";
			sourceTree = "<group>";
		};
		16C8A97F1EE099E0004326E0 /* Penguin AppTests */ = {
			isa = PBXGroup;
			children = (
				16C8A9801EE099E0004326E0 /* Penguin_AppTests.swift */,
				16C8A9821EE099E0004326E0 /* Info.plist */,
			);
			path = "Penguin AppTests";
			sourceTree = "<group>";
		};
		A0B7EBC0F01621B84B3A9D0D /* Pods */ = {
			isa = PBXGroup;
			children = (
				BCA0BD3AE3711ED8601312D2 /* Pods-Penguin App.debug.xcconfig */,
				075877ADECB19C65D0496813 /* Pods-Penguin App.release.xcconfig */,
				3E314DB5FCF31BAE7B8ED404 /* Pods-Penguin AppTests.debug.xcconfig */,
				D9346D91D04BAAC92EACC528 /* Pods-Penguin AppTests.release.xcconfig */,
			);
			name = Pods;
			sourceTree = "<group>";
		};
		FFA762F9333F613EB2610B29 /* Frameworks */ = {
			isa = PBXGroup;
			children = (
				8F00603B762C616CB8BA3164 /* Pods_Penguin_App.framework */,
				41CDD1566F9ED962C9C064F5 /* Pods_Penguin_AppTests.framework */,
			);
			name = Frameworks;
			sourceTree = "<group>";
		};
/* End PBXGroup section */

/* Begin PBXNativeTarget section */
		16C8A9671EE099E0004326E0 /* Penguin App */ = {
			isa = PBXNativeTarget;
			buildConfigurationList = 16C8A9851EE099E0004326E0 /* Build configuration list for PBXNativeTarget "Penguin App" */;
			buildPhases = (
				EF0F43BD03864728DDB591D9 /* [CP] Check Pods Manifest.lock */,
				16C8A9641EE099E0004326E0 /* Sources */,
				16C8A9651EE099E0004326E0 /* Frameworks */,
				16C8A9661EE099E0004326E0 /* Resources */,
				0B57C226511113B012AD4840 /* [CP] Embed Pods Frameworks */,
				83C2454D125FE933E747103F /* [CP] Copy Pods Resources */,
			);
			buildRules = (
			);
			dependencies = (
			);
			name = "Penguin App";
			productName = "Penguin App";
			productReference = 16C8A9681EE099E0004326E0 /* Penguin App.app */;
			productType = "com.apple.product-type.application";
		};
		16C8A97B1EE099E0004326E0 /* Penguin AppTests */ = {
			isa = PBXNativeTarget;
			buildConfigurationList = 16C8A9881EE099E0004326E0 /* Build configuration list for PBXNativeTarget "Penguin AppTests" */;
			buildPhases = (
				CFA343243784794DF0A7B748 /* [CP] Check Pods Manifest.lock */,
				16C8A9781EE099E0004326E0 /* Sources */,
				16C8A9791EE099E0004326E0 /* Frameworks */,
				16C8A97A1EE099E0004326E0 /* Resources */,
				42DCF559F44DB2C0CE5FD4A6 /* [CP] Embed Pods Frameworks */,
				A0D8EC24DD4D124504673D83 /* [CP] Copy Pods Resources */,
			);
			buildRules = (
			);
			dependencies = (
				16C8A97E1EE099E0004326E0 /* PBXTargetDependency */,
			);
			name = "Penguin AppTests";
			productName = "Penguin AppTests";
			productReference = 16C8A97C1EE099E0004326E0 /* Penguin AppTests.xctest */;
			productType = "com.apple.product-type.bundle.unit-test";
		};
/* End PBXNativeTarget section */

/* Begin PBXProject section */
		16C8A9601EE099DF004326E0 /* Project object */ = {
			isa = PBXProject;
			attributes = {
				LastSwiftUpdateCheck = 0830;
				LastUpgradeCheck = 0830;
				ORGANIZATIONNAME = "Jacob Abraham";
				TargetAttributes = {
					16C8A9671EE099E0004326E0 = {
						CreatedOnToolsVersion = 8.3.2;
						ProvisioningStyle = Automatic;
					};
					16C8A97B1EE099E0004326E0 = {
						CreatedOnToolsVersion = 8.3.2;
						ProvisioningStyle = Automatic;
						TestTargetID = 16C8A9671EE099E0004326E0;
					};
				};
			};
			buildConfigurationList = 16C8A9631EE099DF004326E0 /* Build configuration list for PBXProject "Penguin App" */;
			compatibilityVersion = "Xcode 3.2";
			developmentRegion = English;
			hasScannedForEncodings = 0;
			knownRegions = (
				en,
				Base,
			);
			mainGroup = 16C8A95F1EE099DF004326E0;
			productRefGroup = 16C8A9691EE099E0004326E0 /* Products */;
			projectDirPath = "";
			projectRoot = "";
			targets = (
				16C8A9671EE099E0004326E0 /* Penguin App */,
				16C8A97B1EE099E0004326E0 /* Penguin AppTests */,
			);
		};
/* End PBXProject section */

/* Begin PBXResourcesBuildPhase section */
		16C8A9661EE099E0004326E0 /* Resources */ = {
			isa = PBXResourcesBuildPhase;
			buildActionMask = 2147483647;
			files = (
				16B2C45E1EFA2FDD00A632A2 /* GoogleService-Info.plist in Resources */,
				16F2A11C1EF71C870001ED92 /* P15.jpg in Resources */,
				16C8A9761EE099E0004326E0 /* LaunchScreen.storyboard in Resources */,
				1687CD5E1EE904C00042AC2F /* chat.png in Resources */,
				16C8A9901EE09A25004326E0 /* User Filled-30.png in Resources */,
				1687CD641EE90AB70042AC2F /* icon.png in Resources */,
				16C8A9941EE09A3C004326E0 /* penguin.png in Resources */,
				1687CD661EE90B1E0042AC2F /* home.png in Resources */,
				164E946A1EEC761B00E83050 /* bulletin.png in Resources */,
				1687CD681EE90B690042AC2F /* picture.png in Resources */,
				16C8A98F1EE09A25004326E0 /* Plus Math-30.png in Resources */,
				16C8A9731EE099E0004326E0 /* Assets.xcassets in Resources */,
				16C8A9711EE099E0004326E0 /* Main.storyboard in Resources */,
			);
			runOnlyForDeploymentPostprocessing = 0;
		};
		16C8A97A1EE099E0004326E0 /* Resources */ = {
			isa = PBXResourcesBuildPhase;
			buildActionMask = 2147483647;
			files = (
			);
			runOnlyForDeploymentPostprocessing = 0;
		};
/* End PBXResourcesBuildPhase section */

/* Begin PBXShellScriptBuildPhase section */
		0B57C226511113B012AD4840 /* [CP] Embed Pods Frameworks */ = {
			isa = PBXShellScriptBuildPhase;
			buildActionMask = 2147483647;
			files = (
			);
			inputPaths = (
			);
			name = "[CP] Embed Pods Frameworks";
			outputPaths = (
			);
			runOnlyForDeploymentPostprocessing = 0;
			shellPath = /bin/sh;
			shellScript = "\"${SRCROOT}/Pods/Target Support Files/Pods-Penguin App/Pods-Penguin App-frameworks.sh\"\n";
			showEnvVarsInLog = 0;
		};
		42DCF559F44DB2C0CE5FD4A6 /* [CP] Embed Pods Frameworks */ = {
			isa = PBXShellScriptBuildPhase;
			buildActionMask = 2147483647;
			files = (
			);
			inputPaths = (
			);
			name = "[CP] Embed Pods Frameworks";
			outputPaths = (
			);
			runOnlyForDeploymentPostprocessing = 0;
			shellPath = /bin/sh;
			shellScript = "\"${SRCROOT}/Pods/Target Support Files/Pods-Penguin AppTests/Pods-Penguin AppTests-frameworks.sh\"\n";
			showEnvVarsInLog = 0;
		};
		83C2454D125FE933E747103F /* [CP] Copy Pods Resources */ = {
			isa = PBXShellScriptBuildPhase;
			buildActionMask = 2147483647;
			files = (
			);
			inputPaths = (
			);
			name = "[CP] Copy Pods Resources";
			outputPaths = (
			);
			runOnlyForDeploymentPostprocessing = 0;
			shellPath = /bin/sh;
			shellScript = "\"${SRCROOT}/Pods/Target Support Files/Pods-Penguin App/Pods-Penguin App-resources.sh\"\n";
			showEnvVarsInLog = 0;
		};
		A0D8EC24DD4D124504673D83 /* [CP] Copy Pods Resources */ = {
			isa = PBXShellScriptBuildPhase;
			buildActionMask = 2147483647;
			files = (
			);
			inputPaths = (
			);
			name = "[CP] Copy Pods Resources";
			outputPaths = (
			);
			runOnlyForDeploymentPostprocessing = 0;
			shellPath = /bin/sh;
			shellScript = "\"${SRCROOT}/Pods/Target Support Files/Pods-Penguin AppTests/Pods-Penguin AppTests-resources.sh\"\n";
			showEnvVarsInLog = 0;
		};
		CFA343243784794DF0A7B748 /* [CP] Check Pods Manifest.lock */ = {
			isa = PBXShellScriptBuildPhase;
			buildActionMask = 2147483647;
			files = (
			);
			inputPaths = (
			);
			name = "[CP] Check Pods Manifest.lock";
			outputPaths = (
			);
			runOnlyForDeploymentPostprocessing = 0;
			shellPath = /bin/sh;
			shellScript = "diff \"${PODS_PODFILE_DIR_PATH}/Podfile.lock\" \"${PODS_ROOT}/Manifest.lock\" > /dev/null\nif [ $? != 0 ] ; then\n    # print error to STDERR\n    echo \"error: The sandbox is not in sync with the Podfile.lock. Run 'pod install' or update your CocoaPods installation.\" >&2\n    exit 1\nfi\n";
			showEnvVarsInLog = 0;
		};
		EF0F43BD03864728DDB591D9 /* [CP] Check Pods Manifest.lock */ = {
			isa = PBXShellScriptBuildPhase;
			buildActionMask = 2147483647;
			files = (
			);
			inputPaths = (
			);
			name = "[CP] Check Pods Manifest.lock";
			outputPaths = (
			);
			runOnlyForDeploymentPostprocessing = 0;
			shellPath = /bin/sh;
			shellScript = "diff \"${PODS_PODFILE_DIR_PATH}/Podfile.lock\" \"${PODS_ROOT}/Manifest.lock\" > /dev/null\nif [ $? != 0 ] ; then\n    # print error to STDERR\n    echo \"error: The sandbox is not in sync with the Podfile.lock. Run 'pod install' or update your CocoaPods installation.\" >&2\n    exit 1\nfi\n";
			showEnvVarsInLog = 0;
		};
/* End PBXShellScriptBuildPhase section */

/* Begin PBXSourcesBuildPhase section */
		16C8A9641EE099E0004326E0 /* Sources */ = {
			isa = PBXSourcesBuildPhase;
			buildActionMask = 2147483647;
			files = (
				16512C201EEB9CC4003130D8 /* TidbitFormViewController.swift in Sources */,
				1632E87C1EE7A67B005D3276 /* BulletinTableViewCell.swift in Sources */,
				16645D021EF88F980053DC5E /* BulletinFormViewController.swift in Sources */,
				1614E1631EEB70F000DEE843 /* tabController.swift in Sources */,
				16F2A11E1EF73C5B0001ED92 /* ImageCollectionViewCell.swift in Sources */,
				16C8A96E1EE099E0004326E0 /* ViewController.swift in Sources */,
				16164D101EE7A265009466CB /* TableController.swift in Sources */,
				16B2C45B1EFA25E600A632A2 /* Tidbit.swift in Sources */,
				16645D001EF88CF00053DC5E /* BulletinData.swift in Sources */,
				16F2A1201EF73D7C0001ED92 /* InfoViewController.swift in Sources */,
				16645CFE1EF889370053DC5E /* FirebaseHandler.swift in Sources */,
				16C8A96C1EE099E0004326E0 /* AppDelegate.swift in Sources */,
			);
			runOnlyForDeploymentPostprocessing = 0;
		};
		16C8A9781EE099E0004326E0 /* Sources */ = {
			isa = PBXSourcesBuildPhase;
			buildActionMask = 2147483647;
			files = (
				16C8A9811EE099E0004326E0 /* Penguin_AppTests.swift in Sources */,
			);
			runOnlyForDeploymentPostprocessing = 0;
		};
/* End PBXSourcesBuildPhase section */

/* Begin PBXTargetDependency section */
		16C8A97E1EE099E0004326E0 /* PBXTargetDependency */ = {
			isa = PBXTargetDependency;
			target = 16C8A9671EE099E0004326E0 /* Penguin App */;
			targetProxy = 16C8A97D1EE099E0004326E0 /* PBXContainerItemProxy */;
		};
/* End PBXTargetDependency section */

/* Begin PBXVariantGroup section */
		16C8A96F1EE099E0004326E0 /* Main.storyboard */ = {
			isa = PBXVariantGroup;
			children = (
				16C8A9701EE099E0004326E0 /* Base */,
			);
			name = Main.storyboard;
			sourceTree = "<group>";
		};
		16C8A9741EE099E0004326E0 /* LaunchScreen.storyboard */ = {
			isa = PBXVariantGroup;
			children = (
				16C8A9751EE099E0004326E0 /* Base */,
			);
			name = LaunchScreen.storyboard;
			sourceTree = "<group>";
		};
/* End PBXVariantGroup section */

/* Begin XCBuildConfiguration section */
		16C8A9831EE099E0004326E0 /* Debug */ = {
			isa = XCBuildConfiguration;
			buildSettings = {
				ALWAYS_SEARCH_USER_PATHS = NO;
				CLANG_ANALYZER_NONNULL = YES;
				CLANG_ANALYZER_NUMBER_OBJECT_CONVERSION = YES_AGGRESSIVE;
				CLANG_CXX_LANGUAGE_STANDARD = "gnu++0x";
				CLANG_CXX_LIBRARY = "libc++";
				CLANG_ENABLE_MODULES = YES;
				CLANG_ENABLE_OBJC_ARC = YES;
				CLANG_WARN_BOOL_CONVERSION = YES;
				CLANG_WARN_CONSTANT_CONVERSION = YES;
				CLANG_WARN_DIRECT_OBJC_ISA_USAGE = YES_ERROR;
				CLANG_WARN_DOCUMENTATION_COMMENTS = YES;
				CLANG_WARN_EMPTY_BODY = YES;
				CLANG_WARN_ENUM_CONVERSION = YES;
				CLANG_WARN_INFINITE_RECURSION = YES;
				CLANG_WARN_INT_CONVERSION = YES;
				CLANG_WARN_OBJC_ROOT_CLASS = YES_ERROR;
				CLANG_WARN_SUSPICIOUS_MOVE = YES;
				CLANG_WARN_UNREACHABLE_CODE = YES;
				CLANG_WARN__DUPLICATE_METHOD_MATCH = YES;
				"CODE_SIGN_IDENTITY[sdk=iphoneos*]" = "iPhone Developer";
				COPY_PHASE_STRIP = NO;
				DEBUG_INFORMATION_FORMAT = dwarf;
				ENABLE_STRICT_OBJC_MSGSEND = YES;
				ENABLE_TESTABILITY = YES;
				GCC_C_LANGUAGE_STANDARD = gnu99;
				GCC_DYNAMIC_NO_PIC = NO;
				GCC_NO_COMMON_BLOCKS = YES;
				GCC_OPTIMIZATION_LEVEL = 0;
				GCC_PREPROCESSOR_DEFINITIONS = (
					"DEBUG=1",
					"$(inherited)",
				);
				GCC_WARN_64_TO_32_BIT_CONVERSION = YES;
				GCC_WARN_ABOUT_RETURN_TYPE = YES_ERROR;
				GCC_WARN_UNDECLARED_SELECTOR = YES;
				GCC_WARN_UNINITIALIZED_AUTOS = YES_AGGRESSIVE;
				GCC_WARN_UNUSED_FUNCTION = YES;
				GCC_WARN_UNUSED_VARIABLE = YES;
				IPHONEOS_DEPLOYMENT_TARGET = 10.3;
				MTL_ENABLE_DEBUG_INFO = YES;
				ONLY_ACTIVE_ARCH = YES;
				SDKROOT = iphoneos;
				SWIFT_ACTIVE_COMPILATION_CONDITIONS = DEBUG;
				SWIFT_OPTIMIZATION_LEVEL = "-Onone";
				TARGETED_DEVICE_FAMILY = "1,2";
			};
			name = Debug;
		};
		16C8A9841EE099E0004326E0 /* Release */ = {
			isa = XCBuildConfiguration;
			buildSettings = {
				ALWAYS_SEARCH_USER_PATHS = NO;
				CLANG_ANALYZER_NONNULL = YES;
				CLANG_ANALYZER_NUMBER_OBJECT_CONVERSION = YES_AGGRESSIVE;
				CLANG_CXX_LANGUAGE_STANDARD = "gnu++0x";
				CLANG_CXX_LIBRARY = "libc++";
				CLANG_ENABLE_MODULES = YES;
				CLANG_ENABLE_OBJC_ARC = YES;
				CLANG_WARN_BOOL_CONVERSION = YES;
				CLANG_WARN_CONSTANT_CONVERSION = YES;
				CLANG_WARN_DIRECT_OBJC_ISA_USAGE = YES_ERROR;
				CLANG_WARN_DOCUMENTATION_COMMENTS = YES;
				CLANG_WARN_EMPTY_BODY = YES;
				CLANG_WARN_ENUM_CONVERSION = YES;
				CLANG_WARN_INFINITE_RECURSION = YES;
				CLANG_WARN_INT_CONVERSION = YES;
				CLANG_WARN_OBJC_ROOT_CLASS = YES_ERROR;
				CLANG_WARN_SUSPICIOUS_MOVE = YES;
				CLANG_WARN_UNREACHABLE_CODE = YES;
				CLANG_WARN__DUPLICATE_METHOD_MATCH = YES;
				"CODE_SIGN_IDENTITY[sdk=iphoneos*]" = "iPhone Developer";
				COPY_PHASE_STRIP = NO;
				DEBUG_INFORMATION_FORMAT = "dwarf-with-dsym";
				ENABLE_NS_ASSERTIONS = NO;
				ENABLE_STRICT_OBJC_MSGSEND = YES;
				GCC_C_LANGUAGE_STANDARD = gnu99;
				GCC_NO_COMMON_BLOCKS = YES;
				GCC_WARN_64_TO_32_BIT_CONVERSION = YES;
				GCC_WARN_ABOUT_RETURN_TYPE = YES_ERROR;
				GCC_WARN_UNDECLARED_SELECTOR = YES;
				GCC_WARN_UNINITIALIZED_AUTOS = YES_AGGRESSIVE;
				GCC_WARN_UNUSED_FUNCTION = YES;
				GCC_WARN_UNUSED_VARIABLE = YES;
				IPHONEOS_DEPLOYMENT_TARGET = 10.3;
				MTL_ENABLE_DEBUG_INFO = NO;
				SDKROOT = iphoneos;
				SWIFT_OPTIMIZATION_LEVEL = "-Owholemodule";
				TARGETED_DEVICE_FAMILY = "1,2";
				VALIDATE_PRODUCT = YES;
			};
			name = Release;
		};
		16C8A9861EE099E0004326E0 /* Debug */ = {
			isa = XCBuildConfiguration;
			baseConfigurationReference = BCA0BD3AE3711ED8601312D2 /* Pods-Penguin App.debug.xcconfig */;
			buildSettings = {
				ASSETCATALOG_COMPILER_APPICON_NAME = AppIcon;
				INFOPLIST_FILE = "Penguin App/Info.plist";
				LD_RUNPATH_SEARCH_PATHS = "$(inherited) @executable_path/Frameworks";
				PRODUCT_BUNDLE_IDENTIFIER = "jacob.Penguin-App";
				PRODUCT_NAME = "$(TARGET_NAME)";
				SWIFT_REFLECTION_METADATA_LEVEL = none;
				SWIFT_VERSION = 3.0;
			};
			name = Debug;
		};
		16C8A9871EE099E0004326E0 /* Release */ = {
			isa = XCBuildConfiguration;
			baseConfigurationReference = 075877ADECB19C65D0496813 /* Pods-Penguin App.release.xcconfig */;
			buildSettings = {
				ASSETCATALOG_COMPILER_APPICON_NAME = AppIcon;
				INFOPLIST_FILE = "Penguin App/Info.plist";
				LD_RUNPATH_SEARCH_PATHS = "$(inherited) @executable_path/Frameworks";
				PRODUCT_BUNDLE_IDENTIFIER = "jacob.Penguin-App";
				PRODUCT_NAME = "$(TARGET_NAME)";
				SWIFT_REFLECTION_METADATA_LEVEL = none;
				SWIFT_VERSION = 3.0;
			};
			name = Release;
		};
		16C8A9891EE099E0004326E0 /* Debug */ = {
			isa = XCBuildConfiguration;
			baseConfigurationReference = 3E314DB5FCF31BAE7B8ED404 /* Pods-Penguin AppTests.debug.xcconfig */;
			buildSettings = {
				ALWAYS_EMBED_SWIFT_STANDARD_LIBRARIES = YES;
				BUNDLE_LOADER = "$(TEST_HOST)";
				INFOPLIST_FILE = "Penguin AppTests/Info.plist";
				LD_RUNPATH_SEARCH_PATHS = "$(inherited) @executable_path/Frameworks @loader_path/Frameworks";
				PRODUCT_BUNDLE_IDENTIFIER = "jacob.Penguin-AppTests";
				PRODUCT_NAME = "$(TARGET_NAME)";
				SWIFT_VERSION = 3.0;
				TEST_HOST = "$(BUILT_PRODUCTS_DIR)/Penguin App.app/Penguin App";
			};
			name = Debug;
		};
		16C8A98A1EE099E0004326E0 /* Release */ = {
			isa = XCBuildConfiguration;
			baseConfigurationReference = D9346D91D04BAAC92EACC528 /* Pods-Penguin AppTests.release.xcconfig */;
			buildSettings = {
				ALWAYS_EMBED_SWIFT_STANDARD_LIBRARIES = YES;
				BUNDLE_LOADER = "$(TEST_HOST)";
				INFOPLIST_FILE = "Penguin AppTests/Info.plist";
				LD_RUNPATH_SEARCH_PATHS = "$(inherited) @executable_path/Frameworks @loader_path/Frameworks";
				PRODUCT_BUNDLE_IDENTIFIER = "jacob.Penguin-AppTests";
				PRODUCT_NAME = "$(TARGET_NAME)";
				SWIFT_VERSION = 3.0;
				TEST_HOST = "$(BUILT_PRODUCTS_DIR)/Penguin App.app/Penguin App";
			};
			name = Release;
		};
/* End XCBuildConfiguration section */

/* Begin XCConfigurationList section */
		16C8A9631EE099DF004326E0 /* Build configuration list for PBXProject "Penguin App" */ = {
			isa = XCConfigurationList;
			buildConfigurations = (
				16C8A9831EE099E0004326E0 /* Debug */,
				16C8A9841EE099E0004326E0 /* Release */,
			);
			defaultConfigurationIsVisible = 0;
			defaultConfigurationName = Release;
		};
		16C8A9851EE099E0004326E0 /* Build configuration list for PBXNativeTarget "Penguin App" */ = {
			isa = XCConfigurationList;
			buildConfigurations = (
				16C8A9861EE099E0004326E0 /* Debug */,
				16C8A9871EE099E0004326E0 /* Release */,
			);
			defaultConfigurationIsVisible = 0;
			defaultConfigurationName = Release;
		};
		16C8A9881EE099E0004326E0 /* Build configuration list for PBXNativeTarget "Penguin AppTests" */ = {
			isa = XCConfigurationList;
			buildConfigurations = (
				16C8A9891EE099E0004326E0 /* Debug */,
				16C8A98A1EE099E0004326E0 /* Release */,
			);
			defaultConfigurationIsVisible = 0;
			defaultConfigurationName = Release;
		};
/* End XCConfigurationList section */
	};
	rootObject = 16C8A9601EE099DF004326E0 /* Project object */;
}
